Microsoft Visual Studio Solution File, Format Version 12.00
# Visual Studio Version 17
VisualStudioVersion = 17.14.36310.24 d17.14
MinimumVisualStudioVersion = 16.0.0.0
Project("{9A19103F-16F7-4668-BE54-9A1E7A4F7556}") = "MovieSearchApp.Server", "Server\MovieSearchApp.Server.csproj", "{F3E08CC3-CE84-46DB-A163-6419A5F179E8}"
EndProject
Project("{9A19103F-16F7-4668-BE54-9A1E7A4F7556}") = "MovieSearchApp.Client", "Client\MovieSearchApp.Client.csproj", "{DD649FED-A185-4E7B-8ECB-8774969E15D2}"
EndProject
Project("{9A19103F-16F7-4668-BE54-9A1E7A4F7556}") = "MovieSearchApp.Shared", "Shared\MovieSearchApp.Shared.csproj", "{2ECA8E83-1B22-4054-8E72-87DDFD63AC37}"
EndProject
Project("{FAE04EC0-301F-11D3-BF4B-00C04F79EFBC}") = "MovieSearchApp.UnitTests", "MovieSearchApp.UnitTests\MovieSearchApp.UnitTests.csproj", "{763E5539-979F-4E9D-A66E-0E93E6BCCCFD}"
EndProject
Global
	GlobalSection(SolutionConfigurationPlatforms) = preSolution
		Debug|Any CPU = Debug|Any CPU
		Debug|x64 = Debug|x64
		Debug|x86 = Debug|x86
		Release|Any CPU = Release|Any CPU
		Release|x64 = Release|x64
		Release|x86 = Release|x86
	EndGlobalSection
	GlobalSection(ProjectConfigurationPlatforms) = postSolution
		{F3E08CC3-CE84-46DB-A163-6419A5F179E8}.Debug|Any CPU.ActiveCfg = Debug|Any CPU
		{F3E08CC3-CE84-46DB-A163-6419A5F179E8}.Debug|Any CPU.Build.0 = Debug|Any CPU
		{F3E08CC3-CE84-46DB-A163-6419A5F179E8}.Debug|x64.ActiveCfg = Debug|Any CPU
		{F3E08CC3-CE84-46DB-A163-6419A5F179E8}.Debug|x64.Build.0 = Debug|Any CPU
		{F3E08CC3-CE84-46DB-A163-6419A5F179E8}.Debug|x86.ActiveCfg = Debug|Any CPU
		{F3E08CC3-CE84-46DB-A163-6419A5F179E8}.Debug|x86.Build.0 = Debug|Any CPU
		{F3E08CC3-CE84-46DB-A163-6419A5F179E8}.Release|Any CPU.ActiveCfg = Release|Any CPU
		{F3E08CC3-CE84-46DB-A163-6419A5F179E8}.Release|Any CPU.Build.0 = Release|Any CPU
		{F3E08CC3-CE84-46DB-A163-6419A5F179E8}.Release|x64.ActiveCfg = Release|Any CPU
		{F3E08CC3-CE84-46DB-A163-6419A5F179E8}.Release|x64.Build.0 = Release|Any CPU
		{F3E08CC3-CE84-46DB-A163-6419A5F179E8}.Release|x86.ActiveCfg = Release|Any CPU
		{F3E08CC3-CE84-46DB-A163-6419A5F179E8}.Release|x86.Build.0 = Release|Any CPU
		{DD649FED-A185-4E7B-8ECB-8774969E15D2}.Debug|Any CPU.ActiveCfg = Debug|Any CPU
		{DD649FED-A185-4E7B-8ECB-8774969E15D2}.Debug|Any CPU.Build.0 = Debug|Any CPU
		{DD649FED-A185-4E7B-8ECB-8774969E15D2}.Debug|x64.ActiveCfg = Debug|Any CPU
		{DD649FED-A185-4E7B-8ECB-8774969E15D2}.Debug|x64.Build.0 = Debug|Any CPU
		{DD649FED-A185-4E7B-8ECB-8774969E15D2}.Debug|x86.ActiveCfg = Debug|Any CPU
		{DD649FED-A185-4E7B-8ECB-8774969E15D2}.Debug|x86.Build.0 = Debug|Any CPU
		{DD649FED-A185-4E7B-8ECB-8774969E15D2}.Release|Any CPU.ActiveCfg = Release|Any CPU
		{DD649FED-A185-4E7B-8ECB-8774969E15D2}.Release|Any CPU.Build.0 = Release|Any CPU
		{DD649FED-A185-4E7B-8ECB-8774969E15D2}.Release|x64.ActiveCfg = Release|Any CPU
		{DD649FED-A185-4E7B-8ECB-8774969E15D2}.Release|x64.Build.0 = Release|Any CPU
		{DD649FED-A185-4E7B-8ECB-8774969E15D2}.Release|x86.ActiveCfg = Release|Any CPU
		{DD649FED-A185-4E7B-8ECB-8774969E15D2}.Release|x86.Build.0 = Release|Any CPU
		{2ECA8E83-1B22-4054-8E72-87DDFD63AC37}.Debug|Any CPU.ActiveCfg = Debug|Any CPU
		{2ECA8E83-1B22-4054-8E72-87DDFD63AC37}.Debug|Any CPU.Build.0 = Debug|Any CPU
		{2ECA8E83-1B22-4054-8E72-87DDFD63AC37}.Debug|x64.ActiveCfg = Debug|Any CPU
		{2ECA8E83-1B22-4054-8E72-87DDFD63AC37}.Debug|x64.Build.0 = Debug|Any CPU
		{2ECA8E83-1B22-4054-8E72-87DDFD63AC37}.Debug|x86.ActiveCfg = Debug|Any CPU
		{2ECA8E83-1B22-4054-8E72-87DDFD63AC37}.Debug|x86.Build.0 = Debug|Any CPU
		{2ECA8E83-1B22-4054-8E72-87DDFD63AC37}.Release|Any CPU.ActiveCfg = Release|Any CPU
		{2ECA8E83-1B22-4054-8E72-87DDFD63AC37}.Release|Any CPU.Build.0 = Release|Any CPU
		{2ECA8E83-1B22-4054-8E72-87DDFD63AC37}.Release|x64.ActiveCfg = Release|Any CPU
		{2ECA8E83-1B22-4054-8E72-87DDFD63AC37}.Release|x64.Build.0 = Release|Any CPU
		{2ECA8E83-1B22-4054-8E72-87DDFD63AC37}.Release|x86.ActiveCfg = Release|Any CPU
		{2ECA8E83-1B22-4054-8E72-87DDFD63AC37}.Release|x86.Build.0 = Release|Any CPU
		{763E5539-979F-4E9D-A66E-0E93E6BCCCFD}.Debug|Any CPU.ActiveCfg = Debug|Any CPU
		{763E5539-979F-4E9D-A66E-0E93E6BCCCFD}.Debug|Any CPU.Build.0 = Debug|Any CPU
		{763E5539-979F-4E9D-A66E-0E93E6BCCCFD}.Debug|x64.ActiveCfg = Debug|Any CPU
		{763E5539-979F-4E9D-A66E-0E93E6BCCCFD}.Debug|x64.Build.0 = Debug|Any CPU
		{763E5539-979F-4E9D-A66E-0E93E6BCCCFD}.Debug|x86.ActiveCfg = Debug|Any CPU
		{763E5539-979F-4E9D-A66E-0E93E6BCCCFD}.Debug|x86.Build.0 = Debug|Any CPU
		{763E5539-979F-4E9D-A66E-0E93E6BCCCFD}.Release|Any CPU.ActiveCfg = Release|Any CPU
		{763E5539-979F-4E9D-A66E-0E93E6BCCCFD}.Release|Any CPU.Build.0 = Release|Any CPU
		{763E5539-979F-4E9D-A66E-0E93E6BCCCFD}.Release|x64.ActiveCfg = Release|Any CPU
		{763E5539-979F-4E9D-A66E-0E93E6BCCCFD}.Release|x64.Build.0 = Release|Any CPU
		{763E5539-979F-4E9D-A66E-0E93E6BCCCFD}.Release|x86.ActiveCfg = Release|Any CPU
		{763E5539-979F-4E9D-A66E-0E93E6BCCCFD}.Release|x86.Build.0 = Release|Any CPU
	EndGlobalSection
	GlobalSection(SolutionProperties) = preSolution
		HideSolutionNode = FALSE
	EndGlobalSection
	GlobalSection(ExtensibilityGlobals) = postSolution
		SolutionGuid = {C972E0F3-8F0E-4696-ACD6-90CB065CB715}
	EndGlobalSection
EndGlobal
